
Microsoft Visual Studio Solution File, Format Version 12.00
# Visual Studio Version 16
VisualStudioVersion = 16.0.31105.61
MinimumVisualStudioVersion = 10.0.40219.1
Project("{FAE04EC0-301F-11D3-BF4B-00C04F79EFBC}") = "U2-1", "U2-1\U2-1.csproj", "{BAC9339B-504B-4387-B09C-1F4150341B59}"
EndProject
Project("{FAE04EC0-301F-11D3-BF4B-00C04F79EFBC}") = "U2-2", "U2-2\U2-2.csproj", "{6BF1BB56-7C70-4635-A23A-ED1651D84000}"
EndProject
Project("{FAE04EC0-301F-11D3-BF4B-00C04F79EFBC}") = "TP1", "TP1\TP1.csproj", "{F96460D1-C53D-4B8E-993F-3E54EF25E392}"
EndProject
Project("{FAE04EC0-301F-11D3-BF4B-00C04F79EFBC}") = "Parcial1", "Parcial1\Parcial1.csproj", "{9DFC8368-12BD-41FE-A6A4-B4C9AF73D923}"
EndProject
Project("{FAE04EC0-301F-11D3-BF4B-00C04F79EFBC}") = "U3-P2-1", "U3-P2-1\U3-P2-1.csproj", "{E442505B-7770-404F-AC8E-EBB54A30802F}"
EndProject
Project("{FAE04EC0-301F-11D3-BF4B-00C04F79EFBC}") = "U4-1", "U4-1\U4-1.csproj", "{3255D28D-8DC3-4344-A516-BEB0F0F65C52}"
EndProject
Project("{9A19103F-16F7-4668-BE54-9A1E7A4F7556}") = "U4-2", "U4-2\U4-2.csproj", "{1945E56C-C2AE-4625-B429-F8327296971D}"
EndProject
Project("{FAE04EC0-301F-11D3-BF4B-00C04F79EFBC}") = "U4-3", "U4-3\U4-3.csproj", "{FA6CB199-000B-4B25-A007-F9BDB94F2A93}"
EndProject
Project("{FAE04EC0-301F-11D3-BF4B-00C04F79EFBC}") = "U5-0", "U5-0\U5-0.csproj", "{32490DF6-7BBC-43D4-A183-944C8F858466}"
EndProject
Project("{FAE04EC0-301F-11D3-BF4B-00C04F79EFBC}") = "TPn2", "TPn2\TPn2.csproj", "{CFEF7C82-31DC-4452-AA35-9E0755F28AA6}"
EndProject
Global
	GlobalSection(SolutionConfigurationPlatforms) = preSolution
		Debug|Any CPU = Debug|Any CPU
		Release|Any CPU = Release|Any CPU
	EndGlobalSection
	GlobalSection(ProjectConfigurationPlatforms) = postSolution
		{BAC9339B-504B-4387-B09C-1F4150341B59}.Debug|Any CPU.ActiveCfg = Debug|Any CPU
		{BAC9339B-504B-4387-B09C-1F4150341B59}.Debug|Any CPU.Build.0 = Debug|Any CPU
		{BAC9339B-504B-4387-B09C-1F4150341B59}.Release|Any CPU.ActiveCfg = Release|Any CPU
		{BAC9339B-504B-4387-B09C-1F4150341B59}.Release|Any CPU.Build.0 = Release|Any CPU
		{6BF1BB56-7C70-4635-A23A-ED1651D84000}.Debug|Any CPU.ActiveCfg = Debug|Any CPU
		{6BF1BB56-7C70-4635-A23A-ED1651D84000}.Debug|Any CPU.Build.0 = Debug|Any CPU
		{6BF1BB56-7C70-4635-A23A-ED1651D84000}.Release|Any CPU.ActiveCfg = Release|Any CPU
		{6BF1BB56-7C70-4635-A23A-ED1651D84000}.Release|Any CPU.Build.0 = Release|Any CPU
		{F96460D1-C53D-4B8E-993F-3E54EF25E392}.Debug|Any CPU.ActiveCfg = Debug|Any CPU
		{F96460D1-C53D-4B8E-993F-3E54EF25E392}.Debug|Any CPU.Build.0 = Debug|Any CPU
		{F96460D1-C53D-4B8E-993F-3E54EF25E392}.Release|Any CPU.ActiveCfg = Release|Any CPU
		{F96460D1-C53D-4B8E-993F-3E54EF25E392}.Release|Any CPU.Build.0 = Release|Any CPU
		{9DFC8368-12BD-41FE-A6A4-B4C9AF73D923}.Debug|Any CPU.ActiveCfg = Debug|Any CPU
		{9DFC8368-12BD-41FE-A6A4-B4C9AF73D923}.Debug|Any CPU.Build.0 = Debug|Any CPU
		{9DFC8368-12BD-41FE-A6A4-B4C9AF73D923}.Release|Any CPU.ActiveCfg = Release|Any CPU
		{9DFC8368-12BD-41FE-A6A4-B4C9AF73D923}.Release|Any CPU.Build.0 = Release|Any CPU
		{E442505B-7770-404F-AC8E-EBB54A30802F}.Debug|Any CPU.ActiveCfg = Debug|Any CPU
		{E442505B-7770-404F-AC8E-EBB54A30802F}.Debug|Any CPU.Build.0 = Debug|Any CPU
		{E442505B-7770-404F-AC8E-EBB54A30802F}.Release|Any CPU.ActiveCfg = Release|Any CPU
		{E442505B-7770-404F-AC8E-EBB54A30802F}.Release|Any CPU.Build.0 = Release|Any CPU
		{3255D28D-8DC3-4344-A516-BEB0F0F65C52}.Debug|Any CPU.ActiveCfg = Debug|Any CPU
		{3255D28D-8DC3-4344-A516-BEB0F0F65C52}.Debug|Any CPU.Build.0 = Debug|Any CPU
		{3255D28D-8DC3-4344-A516-BEB0F0F65C52}.Release|Any CPU.ActiveCfg = Release|Any CPU
		{3255D28D-8DC3-4344-A516-BEB0F0F65C52}.Release|Any CPU.Build.0 = Release|Any CPU
		{1945E56C-C2AE-4625-B429-F8327296971D}.Debug|Any CPU.ActiveCfg = Debug|Any CPU
		{1945E56C-C2AE-4625-B429-F8327296971D}.Debug|Any CPU.Build.0 = Debug|Any CPU
		{1945E56C-C2AE-4625-B429-F8327296971D}.Release|Any CPU.ActiveCfg = Release|Any CPU
		{1945E56C-C2AE-4625-B429-F8327296971D}.Release|Any CPU.Build.0 = Release|Any CPU
		{FA6CB199-000B-4B25-A007-F9BDB94F2A93}.Debug|Any CPU.ActiveCfg = Debug|Any CPU
		{FA6CB199-000B-4B25-A007-F9BDB94F2A93}.Debug|Any CPU.Build.0 = Debug|Any CPU
		{FA6CB199-000B-4B25-A007-F9BDB94F2A93}.Release|Any CPU.ActiveCfg = Release|Any CPU
		{FA6CB199-000B-4B25-A007-F9BDB94F2A93}.Release|Any CPU.Build.0 = Release|Any CPU
		{32490DF6-7BBC-43D4-A183-944C8F858466}.Debug|Any CPU.ActiveCfg = Debug|Any CPU
		{32490DF6-7BBC-43D4-A183-944C8F858466}.Debug|Any CPU.Build.0 = Debug|Any CPU
		{32490DF6-7BBC-43D4-A183-944C8F858466}.Release|Any CPU.ActiveCfg = Release|Any CPU
		{32490DF6-7BBC-43D4-A183-944C8F858466}.Release|Any CPU.Build.0 = Release|Any CPU
		{CFEF7C82-31DC-4452-AA35-9E0755F28AA6}.Debug|Any CPU.ActiveCfg = Debug|Any CPU
		{CFEF7C82-31DC-4452-AA35-9E0755F28AA6}.Debug|Any CPU.Build.0 = Debug|Any CPU
		{CFEF7C82-31DC-4452-AA35-9E0755F28AA6}.Release|Any CPU.ActiveCfg = Release|Any CPU
		{CFEF7C82-31DC-4452-AA35-9E0755F28AA6}.Release|Any CPU.Build.0 = Release|Any CPU
	EndGlobalSection
	GlobalSection(SolutionProperties) = preSolution
		HideSolutionNode = FALSE
	EndGlobalSection
	GlobalSection(ExtensibilityGlobals) = postSolution
		SolutionGuid = {EEB3F71F-E4C2-4369-8592-7C5C88E08A7C}
	EndGlobalSection
EndGlobal
